
Microsoft Visual Studio Solution File, Format Version 12.00
# Visual Studio Version 16
VisualStudioVersion = 16.0.31129.286
MinimumVisualStudioVersion = 10.0.40219.1
Project("{9A19103F-16F7-4668-BE54-9A1E7A4F7556}") = "PhoneDB", "PhoneDB\PhoneDB.csproj", "{276C9E70-E8F6-4C11-BF8E-9A57100C005F}"
EndProject
Project("{FAE04EC0-301F-11D3-BF4B-00C04F79EFBC}") = "GUI", "GUI\GUI.csproj", "{606746B3-04AA-442F-9AFE-4A1D0BB39729}"
EndProject
Global
	GlobalSection(SolutionConfigurationPlatforms) = preSolution
		Debug|Any CPU = Debug|Any CPU
		Release|Any CPU = Release|Any CPU
	EndGlobalSection
	GlobalSection(ProjectConfigurationPlatforms) = postSolution
		{276C9E70-E8F6-4C11-BF8E-9A57100C005F}.Debug|Any CPU.ActiveCfg = Debug|Any CPU
		{276C9E70-E8F6-4C11-BF8E-9A57100C005F}.Debug|Any CPU.Build.0 = Debug|Any CPU
		{276C9E70-E8F6-4C11-BF8E-9A57100C005F}.Release|Any CPU.ActiveCfg = Release|Any CPU
		{276C9E70-E8F6-4C11-BF8E-9A57100C005F}.Release|Any CPU.Build.0 = Release|Any CPU
		{606746B3-04AA-442F-9AFE-4A1D0BB39729}.Debug|Any CPU.ActiveCfg = Debug|Any CPU
		{606746B3-04AA-442F-9AFE-4A1D0BB39729}.Debug|Any CPU.Build.0 = Debug|Any CPU
		{606746B3-04AA-442F-9AFE-4A1D0BB39729}.Release|Any CPU.ActiveCfg = Release|Any CPU
		{606746B3-04AA-442F-9AFE-4A1D0BB39729}.Release|Any CPU.Build.0 = Release|Any CPU
	EndGlobalSection
	GlobalSection(SolutionProperties) = preSolution
		HideSolutionNode = FALSE
	EndGlobalSection
	GlobalSection(ExtensibilityGlobals) = postSolution
		SolutionGuid = {73DA38AC-52EC-4215-9407-7D1C28F45BDC}
	EndGlobalSection
EndGlobal
